
Microsoft Visual Studio Solution File, Format Version 12.00
# Visual Studio Version 17
VisualStudioVersion = 17.4.33122.133
MinimumVisualStudioVersion = 10.0.40219.1
Project("{9A19103F-16F7-4668-BE54-9A1E7A4F7556}") = "ArtNet.Config", "ArtNet.Config\ArtNet.Config.csproj", "{86AB0D1F-39DE-4720-B532-862DB4E9E5E8}"
EndProject
Project("{9A19103F-16F7-4668-BE54-9A1E7A4F7556}") = "ArtNet", "Haukcode.ArtNet\ArtNet\ArtNet.csproj", "{14EC6C9A-E791-41D1-A28E-9D6E3F44D517}"
EndProject
Project("{9A19103F-16F7-4668-BE54-9A1E7A4F7556}") = "Rdm", "Haukcode.ArtNet\Rdm\Rdm.csproj", "{30487114-4243-46A2-8CC3-5340242C4B66}"
EndProject
Global
	GlobalSection(SolutionConfigurationPlatforms) = preSolution
		Debug|Any CPU = Debug|Any CPU
		Release|Any CPU = Release|Any CPU
	EndGlobalSection
	GlobalSection(ProjectConfigurationPlatforms) = postSolution
		{86AB0D1F-39DE-4720-B532-862DB4E9E5E8}.Debug|Any CPU.ActiveCfg = Debug|Any CPU
		{86AB0D1F-39DE-4720-B532-862DB4E9E5E8}.Debug|Any CPU.Build.0 = Debug|Any CPU
		{86AB0D1F-39DE-4720-B532-862DB4E9E5E8}.Release|Any CPU.ActiveCfg = Release|Any CPU
		{86AB0D1F-39DE-4720-B532-862DB4E9E5E8}.Release|Any CPU.Build.0 = Release|Any CPU
		{14EC6C9A-E791-41D1-A28E-9D6E3F44D517}.Debug|Any CPU.ActiveCfg = Debug|Any CPU
		{14EC6C9A-E791-41D1-A28E-9D6E3F44D517}.Debug|Any CPU.Build.0 = Debug|Any CPU
		{14EC6C9A-E791-41D1-A28E-9D6E3F44D517}.Release|Any CPU.ActiveCfg = Release|Any CPU
		{14EC6C9A-E791-41D1-A28E-9D6E3F44D517}.Release|Any CPU.Build.0 = Release|Any CPU
		{30487114-4243-46A2-8CC3-5340242C4B66}.Debug|Any CPU.ActiveCfg = Debug|Any CPU
		{30487114-4243-46A2-8CC3-5340242C4B66}.Debug|Any CPU.Build.0 = Debug|Any CPU
		{30487114-4243-46A2-8CC3-5340242C4B66}.Release|Any CPU.ActiveCfg = Release|Any CPU
		{30487114-4243-46A2-8CC3-5340242C4B66}.Release|Any CPU.Build.0 = Release|Any CPU
	EndGlobalSection
	GlobalSection(SolutionProperties) = preSolution
		HideSolutionNode = FALSE
	EndGlobalSection
	GlobalSection(ExtensibilityGlobals) = postSolution
		SolutionGuid = {4207BCDF-B0CA-4D93-824F-6AC195DB158E}
	EndGlobalSection
EndGlobal
